
Microsoft Visual Studio Solution File, Format Version 12.00
# Visual Studio 14
VisualStudioVersion = 14.0.24720.0
MinimumVisualStudioVersion = 10.0.40219.1
Project("{2150E333-8FDC-42A3-9474-1A3956D46DE8}") = "src", "src", "{13A6CC00-2CC8-47EE-A5FD-81235FBAFAAE}"
EndProject
Project("{2150E333-8FDC-42A3-9474-1A3956D46DE8}") = "Solution Items", "Solution Items", "{9762734F-7B13-4063-8EF4-524AE7706A34}"
	ProjectSection(SolutionItems) = preProject
		appveyor.yml = appveyor.yml
		dec-octet.abnf = dec-octet.abnf
		global.json = global.json
		IPv6address.abnf = IPv6address.abnf
		NuGet.config = NuGet.config
		path-empty.abnf = path-empty.abnf
		RFC3986.abnf = RFC3986.abnf
	EndProjectSection
EndProject
Project("{8BB2217D-0F2D-49D1-97BC-3654ED321F3B}") = "Uri", "src\Uri\Uri.xproj", "{6CAACB93-8086-4788-8479-B6E10D1BDCCA}"
EndProject
Project("{8BB2217D-0F2D-49D1-97BC-3654ED321F3B}") = "Uri.Tests", "test\Uri.Tests\Uri.Tests.xproj", "{06E6C7AF-7A75-4AFE-90E4-D972779D63E7}"
EndProject
Global
	GlobalSection(SolutionConfigurationPlatforms) = preSolution
		Debug|Any CPU = Debug|Any CPU
		Release|Any CPU = Release|Any CPU
	EndGlobalSection
	GlobalSection(ProjectConfigurationPlatforms) = postSolution
		{6CAACB93-8086-4788-8479-B6E10D1BDCCA}.Debug|Any CPU.ActiveCfg = Debug|Any CPU
		{6CAACB93-8086-4788-8479-B6E10D1BDCCA}.Debug|Any CPU.Build.0 = Debug|Any CPU
		{6CAACB93-8086-4788-8479-B6E10D1BDCCA}.Release|Any CPU.ActiveCfg = Release|Any CPU
		{6CAACB93-8086-4788-8479-B6E10D1BDCCA}.Release|Any CPU.Build.0 = Release|Any CPU
		{06E6C7AF-7A75-4AFE-90E4-D972779D63E7}.Debug|Any CPU.ActiveCfg = Debug|Any CPU
		{06E6C7AF-7A75-4AFE-90E4-D972779D63E7}.Debug|Any CPU.Build.0 = Debug|Any CPU
		{06E6C7AF-7A75-4AFE-90E4-D972779D63E7}.Release|Any CPU.ActiveCfg = Release|Any CPU
		{06E6C7AF-7A75-4AFE-90E4-D972779D63E7}.Release|Any CPU.Build.0 = Release|Any CPU
	EndGlobalSection
	GlobalSection(SolutionProperties) = preSolution
		HideSolutionNode = FALSE
	EndGlobalSection
	GlobalSection(NestedProjects) = preSolution
		{6CAACB93-8086-4788-8479-B6E10D1BDCCA} = {13A6CC00-2CC8-47EE-A5FD-81235FBAFAAE}
		{06E6C7AF-7A75-4AFE-90E4-D972779D63E7} = {13A6CC00-2CC8-47EE-A5FD-81235FBAFAAE}
	EndGlobalSection
EndGlobal
